
Microsoft Visual Studio Solution File, Format Version 12.00
# Visual Studio Version 17
VisualStudioVersion = 17.5.33627.172
MinimumVisualStudioVersion = 10.0.40219.1
Project("{9A19103F-16F7-4668-BE54-9A1E7A4F7556}") = "Declarative", "Declarative\Declarative.csproj", "{B8E03E82-C22C-4B5E-BC49-291C366CEA38}"
	ProjectSection(ProjectDependencies) = postProject
		{2D6F5E45-07BF-46F3-A856-C1D68D178227} = {2D6F5E45-07BF-46F3-A856-C1D68D178227}
		{4A331208-14B2-4544-AB95-C52371A5E74D} = {4A331208-14B2-4544-AB95-C52371A5E74D}
		{68940090-4AF0-40D4-A20F-2BB0129A56B7} = {68940090-4AF0-40D4-A20F-2BB0129A56B7}
		{99A8C4CD-9E0F-4E7C-B82D-79E5EF6CDF32} = {99A8C4CD-9E0F-4E7C-B82D-79E5EF6CDF32}
		{A4A80128-2A17-438B-9B8E-A37413F82DA3} = {A4A80128-2A17-438B-9B8E-A37413F82DA3}
		{E930C2C8-F68C-449D-AAB7-5BB57820788E} = {E930C2C8-F68C-449D-AAB7-5BB57820788E}
	EndProjectSection
EndProject
Project("{FAE04EC0-301F-11D3-BF4B-00C04F79EFBC}") = "BLL", "BLL\BLL.csproj", "{E930C2C8-F68C-449D-AAB7-5BB57820788E}"
	ProjectSection(ProjectDependencies) = postProject
		{4A331208-14B2-4544-AB95-C52371A5E74D} = {4A331208-14B2-4544-AB95-C52371A5E74D}
		{99A8C4CD-9E0F-4E7C-B82D-79E5EF6CDF32} = {99A8C4CD-9E0F-4E7C-B82D-79E5EF6CDF32}
	EndProjectSection
EndProject
Project("{FAE04EC0-301F-11D3-BF4B-00C04F79EFBC}") = "DAL", "DAL\DAL.csproj", "{99A8C4CD-9E0F-4E7C-B82D-79E5EF6CDF32}"
	ProjectSection(ProjectDependencies) = postProject
		{4A331208-14B2-4544-AB95-C52371A5E74D} = {4A331208-14B2-4544-AB95-C52371A5E74D}
	EndProjectSection
EndProject
Project("{9A19103F-16F7-4668-BE54-9A1E7A4F7556}") = "PL", "PL\PL.csproj", "{4A331208-14B2-4544-AB95-C52371A5E74D}"
EndProject
Project("{9A19103F-16F7-4668-BE54-9A1E7A4F7556}") = "Declarative.DAL", "Declarative.DAL\Declarative.DAL.csproj", "{2D6F5E45-07BF-46F3-A856-C1D68D178227}"
	ProjectSection(ProjectDependencies) = postProject
		{68940090-4AF0-40D4-A20F-2BB0129A56B7} = {68940090-4AF0-40D4-A20F-2BB0129A56B7}
	EndProjectSection
EndProject
Project("{9A19103F-16F7-4668-BE54-9A1E7A4F7556}") = "Declarative.BLL", "Declarative.BLL\Declarative.BLL.csproj", "{A4A80128-2A17-438B-9B8E-A37413F82DA3}"
	ProjectSection(ProjectDependencies) = postProject
		{1AF3EB8F-9E6B-4F03-BC44-2ADA3EF728CD} = {1AF3EB8F-9E6B-4F03-BC44-2ADA3EF728CD}
		{2D6F5E45-07BF-46F3-A856-C1D68D178227} = {2D6F5E45-07BF-46F3-A856-C1D68D178227}
		{68940090-4AF0-40D4-A20F-2BB0129A56B7} = {68940090-4AF0-40D4-A20F-2BB0129A56B7}
	EndProjectSection
EndProject
Project("{9A19103F-16F7-4668-BE54-9A1E7A4F7556}") = "Declarative.Common", "Declarative.Common\Declarative.Common.csproj", "{68940090-4AF0-40D4-A20F-2BB0129A56B7}"
EndProject
Project("{FAE04EC0-301F-11D3-BF4B-00C04F79EFBC}") = "Declarative.Api.Models", "Declarative.Api.Models\Declarative.Api.Models.csproj", "{1AF3EB8F-9E6B-4F03-BC44-2ADA3EF728CD}"
EndProject
Global
	GlobalSection(SolutionConfigurationPlatforms) = preSolution
		Debug|Any CPU = Debug|Any CPU
		Release|Any CPU = Release|Any CPU
	EndGlobalSection
	GlobalSection(ProjectConfigurationPlatforms) = postSolution
		{B8E03E82-C22C-4B5E-BC49-291C366CEA38}.Debug|Any CPU.ActiveCfg = Debug|Any CPU
		{B8E03E82-C22C-4B5E-BC49-291C366CEA38}.Debug|Any CPU.Build.0 = Debug|Any CPU
		{B8E03E82-C22C-4B5E-BC49-291C366CEA38}.Release|Any CPU.ActiveCfg = Release|Any CPU
		{B8E03E82-C22C-4B5E-BC49-291C366CEA38}.Release|Any CPU.Build.0 = Release|Any CPU
		{E930C2C8-F68C-449D-AAB7-5BB57820788E}.Debug|Any CPU.ActiveCfg = Debug|Any CPU
		{E930C2C8-F68C-449D-AAB7-5BB57820788E}.Debug|Any CPU.Build.0 = Debug|Any CPU
		{E930C2C8-F68C-449D-AAB7-5BB57820788E}.Release|Any CPU.ActiveCfg = Release|Any CPU
		{E930C2C8-F68C-449D-AAB7-5BB57820788E}.Release|Any CPU.Build.0 = Release|Any CPU
		{99A8C4CD-9E0F-4E7C-B82D-79E5EF6CDF32}.Debug|Any CPU.ActiveCfg = Debug|Any CPU
		{99A8C4CD-9E0F-4E7C-B82D-79E5EF6CDF32}.Debug|Any CPU.Build.0 = Debug|Any CPU
		{99A8C4CD-9E0F-4E7C-B82D-79E5EF6CDF32}.Release|Any CPU.ActiveCfg = Release|Any CPU
		{99A8C4CD-9E0F-4E7C-B82D-79E5EF6CDF32}.Release|Any CPU.Build.0 = Release|Any CPU
		{4A331208-14B2-4544-AB95-C52371A5E74D}.Debug|Any CPU.ActiveCfg = Debug|Any CPU
		{4A331208-14B2-4544-AB95-C52371A5E74D}.Debug|Any CPU.Build.0 = Debug|Any CPU
		{4A331208-14B2-4544-AB95-C52371A5E74D}.Release|Any CPU.ActiveCfg = Release|Any CPU
		{4A331208-14B2-4544-AB95-C52371A5E74D}.Release|Any CPU.Build.0 = Release|Any CPU
		{2D6F5E45-07BF-46F3-A856-C1D68D178227}.Debug|Any CPU.ActiveCfg = Debug|Any CPU
		{2D6F5E45-07BF-46F3-A856-C1D68D178227}.Debug|Any CPU.Build.0 = Debug|Any CPU
		{2D6F5E45-07BF-46F3-A856-C1D68D178227}.Release|Any CPU.ActiveCfg = Release|Any CPU
		{2D6F5E45-07BF-46F3-A856-C1D68D178227}.Release|Any CPU.Build.0 = Release|Any CPU
		{A4A80128-2A17-438B-9B8E-A37413F82DA3}.Debug|Any CPU.ActiveCfg = Debug|Any CPU
		{A4A80128-2A17-438B-9B8E-A37413F82DA3}.Debug|Any CPU.Build.0 = Debug|Any CPU
		{A4A80128-2A17-438B-9B8E-A37413F82DA3}.Release|Any CPU.ActiveCfg = Release|Any CPU
		{A4A80128-2A17-438B-9B8E-A37413F82DA3}.Release|Any CPU.Build.0 = Release|Any CPU
		{68940090-4AF0-40D4-A20F-2BB0129A56B7}.Debug|Any CPU.ActiveCfg = Debug|Any CPU
		{68940090-4AF0-40D4-A20F-2BB0129A56B7}.Debug|Any CPU.Build.0 = Debug|Any CPU
		{68940090-4AF0-40D4-A20F-2BB0129A56B7}.Release|Any CPU.ActiveCfg = Release|Any CPU
		{68940090-4AF0-40D4-A20F-2BB0129A56B7}.Release|Any CPU.Build.0 = Release|Any CPU
		{1AF3EB8F-9E6B-4F03-BC44-2ADA3EF728CD}.Debug|Any CPU.ActiveCfg = Debug|Any CPU
		{1AF3EB8F-9E6B-4F03-BC44-2ADA3EF728CD}.Debug|Any CPU.Build.0 = Debug|Any CPU
		{1AF3EB8F-9E6B-4F03-BC44-2ADA3EF728CD}.Release|Any CPU.ActiveCfg = Release|Any CPU
		{1AF3EB8F-9E6B-4F03-BC44-2ADA3EF728CD}.Release|Any CPU.Build.0 = Release|Any CPU
	EndGlobalSection
	GlobalSection(SolutionProperties) = preSolution
		HideSolutionNode = FALSE
	EndGlobalSection
	GlobalSection(ExtensibilityGlobals) = postSolution
		SolutionGuid = {ED679683-BB0A-4754-8A9E-6522F71CD439}
	EndGlobalSection
EndGlobal
